{
  "name": "dep-vcs",
  "version": "0.1.7",
  "lockfileVersion": 3,
  "requires": true,
  "packages": {
    "": {
      "name": "dep-vcs",
      "version": "0.1.7",
      "license": "ISC",
      "bin": {
        "dep": "bin/dep.js"
      },
      "engines": {
        "node": ">=24.11.0"
      }
    }
  }
}
